
Microsoft Visual Studio Solution File, Format Version 12.00
# Visual Studio 14
VisualStudioVersion = 14.0.25420.1
MinimumVisualStudioVersion = 10.0.40219.1
Project("{2150E333-8FDC-42A3-9474-1A3956D46DE8}") = "src", "src", "{E8DD3B72-6AD6-43F6-9443-6DDF4D412F53}"
EndProject
Project("{2150E333-8FDC-42A3-9474-1A3956D46DE8}") = "test", "test", "{E3EA0DD1-6673-4A25-A2A6-C254E676552F}"
EndProject
Project("{8BB2217D-0F2D-49D1-97BC-3654ED321F3B}") = "CoreLib.Tests", "test\CoreLib.Tests\CoreLib.Tests.xproj", "{A867CCBA-8F16-4F9A-8DBA-95FC65ABEA44}"
EndProject
Project("{8BB2217D-0F2D-49D1-97BC-3654ED321F3B}") = "CoreLib", "src\CoreLib\CoreLib.xproj", "{C0418594-2DC1-49EE-87D3-420799FF938A}"
EndProject
Project("{2150E333-8FDC-42A3-9474-1A3956D46DE8}") = "Solution Items", "Solution Items", "{6EC6A6AC-087A-498E-A6BE-DE5FAAEA4288}"
	ProjectSection(SolutionItems) = preProject
		global.json = global.json
	EndProjectSection
EndProject
Project("{8BB2217D-0F2D-49D1-97BC-3654ED321F3B}") = "ParserTechPlayground", "src\ParserTechPlayground\ParserTechPlayground.xproj", "{E347E66A-3C40-492F-8F73-82FB6D8D247C}"
EndProject
Project("{8BB2217D-0F2D-49D1-97BC-3654ED321F3B}") = "ParserTechPlayground.Tests", "test\ParserTechPlayground.Tests\ParserTechPlayground.Tests.xproj", "{CDAAEDDC-78EB-4F21-AE17-183B40D363CB}"
EndProject
Project("{8BB2217D-0F2D-49D1-97BC-3654ED321F3B}") = "SimpleParser", "src\SimpleParser\SimpleParser.xproj", "{88D5FB76-0D65-42C9-A053-9099CBFF132C}"
EndProject
Project("{8BB2217D-0F2D-49D1-97BC-3654ED321F3B}") = "SimpleParser.Tests", "test\SimpleParser.Tests\SimpleParser.Tests.xproj", "{8C967694-CF3F-4600-954B-6C11EFAE32C6}"
EndProject
Project("{8BB2217D-0F2D-49D1-97BC-3654ED321F3B}") = "WikiTools", "src\WikiTools\WikiTools.xproj", "{881727D5-9ADB-42C4-9988-E5FA2B58EA3E}"
EndProject
Project("{8BB2217D-0F2D-49D1-97BC-3654ED321F3B}") = "WikiTools.Tests", "test\WikiTools.Tests\WikiTools.Tests.xproj", "{D0C50531-0A2D-4F2C-AE05-3899B36C1049}"
EndProject
Global
	GlobalSection(SolutionConfigurationPlatforms) = preSolution
		Debug|Any CPU = Debug|Any CPU
		Release|Any CPU = Release|Any CPU
	EndGlobalSection
	GlobalSection(ProjectConfigurationPlatforms) = postSolution
		{A867CCBA-8F16-4F9A-8DBA-95FC65ABEA44}.Debug|Any CPU.ActiveCfg = Debug|Any CPU
		{A867CCBA-8F16-4F9A-8DBA-95FC65ABEA44}.Debug|Any CPU.Build.0 = Debug|Any CPU
		{A867CCBA-8F16-4F9A-8DBA-95FC65ABEA44}.Release|Any CPU.ActiveCfg = Release|Any CPU
		{A867CCBA-8F16-4F9A-8DBA-95FC65ABEA44}.Release|Any CPU.Build.0 = Release|Any CPU
		{C0418594-2DC1-49EE-87D3-420799FF938A}.Debug|Any CPU.ActiveCfg = Debug|Any CPU
		{C0418594-2DC1-49EE-87D3-420799FF938A}.Debug|Any CPU.Build.0 = Debug|Any CPU
		{C0418594-2DC1-49EE-87D3-420799FF938A}.Release|Any CPU.ActiveCfg = Release|Any CPU
		{C0418594-2DC1-49EE-87D3-420799FF938A}.Release|Any CPU.Build.0 = Release|Any CPU
		{E347E66A-3C40-492F-8F73-82FB6D8D247C}.Debug|Any CPU.ActiveCfg = Debug|Any CPU
		{E347E66A-3C40-492F-8F73-82FB6D8D247C}.Debug|Any CPU.Build.0 = Debug|Any CPU
		{E347E66A-3C40-492F-8F73-82FB6D8D247C}.Release|Any CPU.ActiveCfg = Release|Any CPU
		{E347E66A-3C40-492F-8F73-82FB6D8D247C}.Release|Any CPU.Build.0 = Release|Any CPU
		{CDAAEDDC-78EB-4F21-AE17-183B40D363CB}.Debug|Any CPU.ActiveCfg = Debug|Any CPU
		{CDAAEDDC-78EB-4F21-AE17-183B40D363CB}.Debug|Any CPU.Build.0 = Debug|Any CPU
		{CDAAEDDC-78EB-4F21-AE17-183B40D363CB}.Release|Any CPU.ActiveCfg = Release|Any CPU
		{CDAAEDDC-78EB-4F21-AE17-183B40D363CB}.Release|Any CPU.Build.0 = Release|Any CPU
		{88D5FB76-0D65-42C9-A053-9099CBFF132C}.Debug|Any CPU.ActiveCfg = Debug|Any CPU
		{88D5FB76-0D65-42C9-A053-9099CBFF132C}.Debug|Any CPU.Build.0 = Debug|Any CPU
		{88D5FB76-0D65-42C9-A053-9099CBFF132C}.Release|Any CPU.ActiveCfg = Release|Any CPU
		{88D5FB76-0D65-42C9-A053-9099CBFF132C}.Release|Any CPU.Build.0 = Release|Any CPU
		{8C967694-CF3F-4600-954B-6C11EFAE32C6}.Debug|Any CPU.ActiveCfg = Debug|Any CPU
		{8C967694-CF3F-4600-954B-6C11EFAE32C6}.Debug|Any CPU.Build.0 = Debug|Any CPU
		{8C967694-CF3F-4600-954B-6C11EFAE32C6}.Release|Any CPU.ActiveCfg = Release|Any CPU
		{8C967694-CF3F-4600-954B-6C11EFAE32C6}.Release|Any CPU.Build.0 = Release|Any CPU
		{881727D5-9ADB-42C4-9988-E5FA2B58EA3E}.Debug|Any CPU.ActiveCfg = Debug|Any CPU
		{881727D5-9ADB-42C4-9988-E5FA2B58EA3E}.Debug|Any CPU.Build.0 = Debug|Any CPU
		{881727D5-9ADB-42C4-9988-E5FA2B58EA3E}.Release|Any CPU.ActiveCfg = Release|Any CPU
		{881727D5-9ADB-42C4-9988-E5FA2B58EA3E}.Release|Any CPU.Build.0 = Release|Any CPU
		{D0C50531-0A2D-4F2C-AE05-3899B36C1049}.Debug|Any CPU.ActiveCfg = Debug|Any CPU
		{D0C50531-0A2D-4F2C-AE05-3899B36C1049}.Debug|Any CPU.Build.0 = Debug|Any CPU
		{D0C50531-0A2D-4F2C-AE05-3899B36C1049}.Release|Any CPU.ActiveCfg = Release|Any CPU
		{D0C50531-0A2D-4F2C-AE05-3899B36C1049}.Release|Any CPU.Build.0 = Release|Any CPU
	EndGlobalSection
	GlobalSection(SolutionProperties) = preSolution
		HideSolutionNode = FALSE
	EndGlobalSection
	GlobalSection(NestedProjects) = preSolution
		{A867CCBA-8F16-4F9A-8DBA-95FC65ABEA44} = {E3EA0DD1-6673-4A25-A2A6-C254E676552F}
		{C0418594-2DC1-49EE-87D3-420799FF938A} = {E8DD3B72-6AD6-43F6-9443-6DDF4D412F53}
		{E347E66A-3C40-492F-8F73-82FB6D8D247C} = {E8DD3B72-6AD6-43F6-9443-6DDF4D412F53}
		{CDAAEDDC-78EB-4F21-AE17-183B40D363CB} = {E3EA0DD1-6673-4A25-A2A6-C254E676552F}
		{88D5FB76-0D65-42C9-A053-9099CBFF132C} = {E8DD3B72-6AD6-43F6-9443-6DDF4D412F53}
		{8C967694-CF3F-4600-954B-6C11EFAE32C6} = {E3EA0DD1-6673-4A25-A2A6-C254E676552F}
		{881727D5-9ADB-42C4-9988-E5FA2B58EA3E} = {E8DD3B72-6AD6-43F6-9443-6DDF4D412F53}
		{D0C50531-0A2D-4F2C-AE05-3899B36C1049} = {E3EA0DD1-6673-4A25-A2A6-C254E676552F}
	EndGlobalSection
EndGlobal
